// !$*UTF8*$!
{
	archiveVersion = 1;
	classes = {
	};
	objectVersion = 56;
	objects = {

/* Begin PBXBuildFile section */
		AA70B0C32B9778C900B0AD15 /* SquashApp.swift in Sources */ = {isa = PBXBuildFile; fileRef = AA70B0C22B9778C900B0AD15 /* SquashApp.swift */; };
		AA70B0C52B9778C900B0AD15 /* ContentView.swift in Sources */ = {isa = PBXBuildFile; fileRef = AA70B0C42B9778C900B0AD15 /* ContentView.swift */; };
		AA70B0C72B9778C900B0AD15 /* Item.swift in Sources */ = {isa = PBXBuildFile; fileRef = AA70B0C62B9778C900B0AD15 /* Item.swift */; };
		AA70B0C92B9778CB00B0AD15 /* Assets.xcassets in Resources */ = {isa = PBXBuildFile; fileRef = AA70B0C82B9778CB00B0AD15 /* Assets.xcassets */; };
		AA70B0CC2B9778CB00B0AD15 /* Preview Assets.xcassets in Resources */ = {isa = PBXBuildFile; fileRef = AA70B0CB2B9778CB00B0AD15 /* Preview Assets.xcassets */; };
		AA70B0D52B977A5500B0AD15 /* SettingView.swift in Sources */ = {isa = PBXBuildFile; fileRef = AA70B0D42B977A5500B0AD15 /* SettingView.swift */; };
		AA70B0D92B9782FB00B0AD15 /* GameView.swift in Sources */ = {isa = PBXBuildFile; fileRef = AA70B0D82B9782FB00B0AD15 /* GameView.swift */; };
		AA70B0DB2B97830E00B0AD15 /* ResultView.swift in Sources */ = {isa = PBXBuildFile; fileRef = AA70B0DA2B97830E00B0AD15 /* ResultView.swift */; };
		AA70B0DD2B978DA400B0AD15 /* Game.swift in Sources */ = {isa = PBXBuildFile; fileRef = AA70B0DC2B978DA400B0AD15 /* Game.swift */; };
		AA70B0DF2B978F5D00B0AD15 /* Player1Sell.swift in Sources */ = {isa = PBXBuildFile; fileRef = AA70B0DE2B978F5D00B0AD15 /* Player1Sell.swift */; };
		AA70B0E12B97B59300B0AD15 /* CustomColorPicker.swift in Sources */ = {isa = PBXBuildFile; fileRef = AA70B0E02B97B59300B0AD15 /* CustomColorPicker.swift */; };
		AA70B0E32B97B97F00B0AD15 /* PlayerModel.swift in Sources */ = {isa = PBXBuildFile; fileRef = AA70B0E22B97B97F00B0AD15 /* PlayerModel.swift */; };
/* End PBXBuildFile section */

/* Begin PBXFileReference section */
		AA70B0BF2B9778C900B0AD15 /* Squash.app */ = {isa = PBXFileReference; explicitFileType = wrapper.application; includeInIndex = 0; path = Squash.app; sourceTree = BUILT_PRODUCTS_DIR; };
		AA70B0C22B9778C900B0AD15 /* SquashApp.swift */ = {isa = PBXFileReference; lastKnownFileType = sourcecode.swift; path = SquashApp.swift; sourceTree = "<group>"; };
		AA70B0C42B9778C900B0AD15 /* ContentView.swift */ = {isa = PBXFileReference; lastKnownFileType = sourcecode.swift; path = ContentView.swift; sourceTree = "<group>"; };
		AA70B0C62B9778C900B0AD15 /* Item.swift */ = {isa = PBXFileReference; lastKnownFileType = sourcecode.swift; path = Item.swift; sourceTree = "<group>"; };
		AA70B0C82B9778CB00B0AD15 /* Assets.xcassets */ = {isa = PBXFileReference; lastKnownFileType = folder.assetcatalog; path = Assets.xcassets; sourceTree = "<group>"; };
		AA70B0CB2B9778CB00B0AD15 /* Preview Assets.xcassets */ = {isa = PBXFileReference; lastKnownFileType = folder.assetcatalog; path = "Preview Assets.xcassets"; sourceTree = "<group>"; };
		AA70B0CD2B9778CB00B0AD15 /* Squash.entitlements */ = {isa = PBXFileReference; lastKnownFileType = text.plist.entitlements; path = Squash.entitlements; sourceTree = "<group>"; };
		AA70B0CE2B9778CB00B0AD15 /* Info.plist */ = {isa = PBXFileReference; lastKnownFileType = text.plist.xml; path = Info.plist; sourceTree = "<group>"; };
		AA70B0D42B977A5500B0AD15 /* SettingView.swift */ = {isa = PBXFileReference; lastKnownFileType = sourcecode.swift; path = SettingView.swift; sourceTree = "<group>"; };
		AA70B0D82B9782FB00B0AD15 /* GameView.swift */ = {isa = PBXFileReference; lastKnownFileType = sourcecode.swift; path = GameView.swift; sourceTree = "<group>"; };
		AA70B0DA2B97830E00B0AD15 /* ResultView.swift */ = {isa = PBXFileReference; lastKnownFileType = sourcecode.swift; path = ResultView.swift; sourceTree = "<group>"; };
		AA70B0DC2B978DA400B0AD15 /* Game.swift */ = {isa = PBXFileReference; lastKnownFileType = sourcecode.swift; path = Game.swift; sourceTree = "<group>"; };
		AA70B0DE2B978F5D00B0AD15 /* Player1Sell.swift */ = {isa = PBXFileReference; lastKnownFileType = sourcecode.swift; path = Player1Sell.swift; sourceTree = "<group>"; };
		AA70B0E02B97B59300B0AD15 /* CustomColorPicker.swift */ = {isa = PBXFileReference; lastKnownFileType = sourcecode.swift; path = CustomColorPicker.swift; sourceTree = "<group>"; };
		AA70B0E22B97B97F00B0AD15 /* PlayerModel.swift */ = {isa = PBXFileReference; lastKnownFileType = sourcecode.swift; path = PlayerModel.swift; sourceTree = "<group>"; };
/* End PBXFileReference section */

/* Begin PBXFrameworksBuildPhase section */
		AA70B0BC2B9778C900B0AD15 /* Frameworks */ = {
			isa = PBXFrameworksBuildPhase;
			buildActionMask = 2147483647;
			files = (
			);
			runOnlyForDeploymentPostprocessing = 0;
		};
/* End PBXFrameworksBuildPhase section */

/* Begin PBXGroup section */
		AA70B0B62B9778C900B0AD15 = {
			isa = PBXGroup;
			children = (
				AA70B0C12B9778C900B0AD15 /* Squash */,
				AA70B0C02B9778C900B0AD15 /* Products */,
			);
			sourceTree = "<group>";
		};
		AA70B0C02B9778C900B0AD15 /* Products */ = {
			isa = PBXGroup;
			children = (
				AA70B0BF2B9778C900B0AD15 /* Squash.app */,
			);
			name = Products;
			sourceTree = "<group>";
		};
		AA70B0C12B9778C900B0AD15 /* Squash */ = {
			isa = PBXGroup;
			children = (
				AA70B0C22B9778C900B0AD15 /* SquashApp.swift */,
				AA70B0C42B9778C900B0AD15 /* ContentView.swift */,
				AA70B0DA2B97830E00B0AD15 /* ResultView.swift */,
				AA70B0DE2B978F5D00B0AD15 /* Player1Sell.swift */,
				AA70B0D82B9782FB00B0AD15 /* GameView.swift */,
				AA70B0E22B97B97F00B0AD15 /* PlayerModel.swift */,
				AA70B0E02B97B59300B0AD15 /* CustomColorPicker.swift */,
				AA70B0DC2B978DA400B0AD15 /* Game.swift */,
				AA70B0D42B977A5500B0AD15 /* SettingView.swift */,
				AA70B0C62B9778C900B0AD15 /* Item.swift */,
				AA70B0C82B9778CB00B0AD15 /* Assets.xcassets */,
				AA70B0CD2B9778CB00B0AD15 /* Squash.entitlements */,
				AA70B0CE2B9778CB00B0AD15 /* Info.plist */,
				AA70B0CA2B9778CB00B0AD15 /* Preview Content */,
			);
			path = Squash;
			sourceTree = "<group>";
		};
		AA70B0CA2B9778CB00B0AD15 /* Preview Content */ = {
			isa = PBXGroup;
			children = (
				AA70B0CB2B9778CB00B0AD15 /* Preview Assets.xcassets */,
			);
			path = "Preview Content";
			sourceTree = "<group>";
		};
/* End PBXGroup section */

/* Begin PBXNativeTarget section */
		AA70B0BE2B9778C900B0AD15 /* Squash */ = {
			isa = PBXNativeTarget;
			buildConfigurationList = AA70B0D12B9778CB00B0AD15 /* Build configuration list for PBXNativeTarget "Squash" */;
			buildPhases = (
				AA70B0BB2B9778C900B0AD15 /* Sources */,
				AA70B0BC2B9778C900B0AD15 /* Frameworks */,
				AA70B0BD2B9778C900B0AD15 /* Resources */,
			);
			buildRules = (
			);
			dependencies = (
			);
			name = Squash;
			productName = Squash;
			productReference = AA70B0BF2B9778C900B0AD15 /* Squash.app */;
			productType = "com.apple.product-type.application";
		};
/* End PBXNativeTarget section */

/* Begin PBXProject section */
		AA70B0B72B9778C900B0AD15 /* Project object */ = {
			isa = PBXProject;
			attributes = {
				BuildIndependentTargetsInParallel = 1;
				LastSwiftUpdateCheck = 1520;
				LastUpgradeCheck = 1520;
				TargetAttributes = {
					AA70B0BE2B9778C900B0AD15 = {
						CreatedOnToolsVersion = 15.2;
					};
				};
			};
			buildConfigurationList = AA70B0BA2B9778C900B0AD15 /* Build configuration list for PBXProject "Squash" */;
			compatibilityVersion = "Xcode 14.0";
			developmentRegion = en;
			hasScannedForEncodings = 0;
			knownRegions = (
				en,
				Base,
			);
			mainGroup = AA70B0B62B9778C900B0AD15;
			productRefGroup = AA70B0C02B9778C900B0AD15 /* Products */;
			projectDirPath = "";
			projectRoot = "";
			targets = (
				AA70B0BE2B9778C900B0AD15 /* Squash */,
			);
		};
/* End PBXProject section */

/* Begin PBXResourcesBuildPhase section */
		AA70B0BD2B9778C900B0AD15 /* Resources */ = {
			isa = PBXResourcesBuildPhase;
			buildActionMask = 2147483647;
			files = (
				AA70B0CC2B9778CB00B0AD15 /* Preview Assets.xcassets in Resources */,
				AA70B0C92B9778CB00B0AD15 /* Assets.xcassets in Resources */,
			);
			runOnlyForDeploymentPostprocessing = 0;
		};
/* End PBXResourcesBuildPhase section */

/* Begin PBXSourcesBuildPhase section */
		AA70B0BB2B9778C900B0AD15 /* Sources */ = {
			isa = PBXSourcesBuildPhase;
			buildActionMask = 2147483647;
			files = (
				AA70B0E32B97B97F00B0AD15 /* PlayerModel.swift in Sources */,
				AA70B0C52B9778C900B0AD15 /* ContentView.swift in Sources */,
				AA70B0D52B977A5500B0AD15 /* SettingView.swift in Sources */,
				AA70B0E12B97B59300B0AD15 /* CustomColorPicker.swift in Sources */,
				AA70B0C72B9778C900B0AD15 /* Item.swift in Sources */,
				AA70B0D92B9782FB00B0AD15 /* GameView.swift in Sources */,
				AA70B0DB2B97830E00B0AD15 /* ResultView.swift in Sources */,
				AA70B0DF2B978F5D00B0AD15 /* Player1Sell.swift in Sources */,
				AA70B0C32B9778C900B0AD15 /* SquashApp.swift in Sources */,
				AA70B0DD2B978DA400B0AD15 /* Game.swift in Sources */,
			);
			runOnlyForDeploymentPostprocessing = 0;
		};
/* End PBXSourcesBuildPhase section */

/* Begin XCBuildConfiguration section */
		AA70B0CF2B9778CB00B0AD15 /* Debug */ = {
			isa = XCBuildConfiguration;
			buildSettings = {
				ALWAYS_SEARCH_USER_PATHS = NO;
				ASSETCATALOG_COMPILER_GENERATE_SWIFT_ASSET_SYMBOL_EXTENSIONS = YES;
				CLANG_ANALYZER_NONNULL = YES;
				CLANG_ANALYZER_NUMBER_OBJECT_CONVERSION = YES_AGGRESSIVE;
				CLANG_CXX_LANGUAGE_STANDARD = "gnu++20";
				CLANG_ENABLE_MODULES = YES;
				CLANG_ENABLE_OBJC_ARC = YES;
				CLANG_ENABLE_OBJC_WEAK = YES;
				CLANG_WARN_BLOCK_CAPTURE_AUTORELEASING = YES;
				CLANG_WARN_BOOL_CONVERSION = YES;
				CLANG_WARN_COMMA = YES;
				CLANG_WARN_CONSTANT_CONVERSION = YES;
				CLANG_WARN_DEPRECATED_OBJC_IMPLEMENTATIONS = YES;
				CLANG_WARN_DIRECT_OBJC_ISA_USAGE = YES_ERROR;
				CLANG_WARN_DOCUMENTATION_COMMENTS = YES;
				CLANG_WARN_EMPTY_BODY = YES;
				CLANG_WARN_ENUM_CONVERSION = YES;
				CLANG_WARN_INFINITE_RECURSION = YES;
				CLANG_WARN_INT_CONVERSION = YES;
				CLANG_WARN_NON_LITERAL_NULL_CONVERSION = YES;
				CLANG_WARN_OBJC_IMPLICIT_RETAIN_SELF = YES;
				CLANG_WARN_OBJC_LITERAL_CONVERSION = YES;
				CLANG_WARN_OBJC_ROOT_CLASS = YES_ERROR;
				CLANG_WARN_QUOTED_INCLUDE_IN_FRAMEWORK_HEADER = YES;
				CLANG_WARN_RANGE_LOOP_ANALYSIS = YES;
				CLANG_WARN_STRICT_PROTOTYPES = YES;
				CLANG_WARN_SUSPICIOUS_MOVE = YES;
				CLANG_WARN_UNGUARDED_AVAILABILITY = YES_AGGRESSIVE;
				CLANG_WARN_UNREACHABLE_CODE = YES;
				CLANG_WARN__DUPLICATE_METHOD_MATCH = YES;
				COPY_PHASE_STRIP = NO;
				DEBUG_INFORMATION_FORMAT = dwarf;
				ENABLE_STRICT_OBJC_MSGSEND = YES;
				ENABLE_TESTABILITY = YES;
				ENABLE_USER_SCRIPT_SANDBOXING = YES;
				GCC_C_LANGUAGE_STANDARD = gnu17;
				GCC_DYNAMIC_NO_PIC = NO;
				GCC_NO_COMMON_BLOCKS = YES;
				GCC_OPTIMIZATION_LEVEL = 0;
				GCC_PREPROCESSOR_DEFINITIONS = (
					"DEBUG=1",
					"$(inherited)",
				);
				GCC_WARN_64_TO_32_BIT_CONVERSION = YES;
				GCC_WARN_ABOUT_RETURN_TYPE = YES_ERROR;
				GCC_WARN_UNDECLARED_SELECTOR = YES;
				GCC_WARN_UNINITIALIZED_AUTOS = YES_AGGRESSIVE;
				GCC_WARN_UNUSED_FUNCTION = YES;
				GCC_WARN_UNUSED_VARIABLE = YES;
				IPHONEOS_DEPLOYMENT_TARGET = 17.2;
				LOCALIZATION_PREFERS_STRING_CATALOGS = YES;
				MTL_ENABLE_DEBUG_INFO = INCLUDE_SOURCE;
				MTL_FAST_MATH = YES;
				ONLY_ACTIVE_ARCH = YES;
				SDKROOT = iphoneos;
				SWIFT_ACTIVE_COMPILATION_CONDITIONS = "DEBUG $(inherited)";
				SWIFT_OPTIMIZATION_LEVEL = "-Onone";
			};
			name = Debug;
		};
		AA70B0D02B9778CB00B0AD15 /* Release */ = {
			isa = XCBuildConfiguration;
			buildSettings = {
				ALWAYS_SEARCH_USER_PATHS = NO;
				ASSETCATALOG_COMPILER_GENERATE_SWIFT_ASSET_SYMBOL_EXTENSIONS = YES;
				CLANG_ANALYZER_NONNULL = YES;
				CLANG_ANALYZER_NUMBER_OBJECT_CONVERSION = YES_AGGRESSIVE;
				CLANG_CXX_LANGUAGE_STANDARD = "gnu++20";
				CLANG_ENABLE_MODULES = YES;
				CLANG_ENABLE_OBJC_ARC = YES;
				CLANG_ENABLE_OBJC_WEAK = YES;
				CLANG_WARN_BLOCK_CAPTURE_AUTORELEASING = YES;
				CLANG_WARN_BOOL_CONVERSION = YES;
				CLANG_WARN_COMMA = YES;
				CLANG_WARN_CONSTANT_CONVERSION = YES;
				CLANG_WARN_DEPRECATED_OBJC_IMPLEMENTATIONS = YES;
				CLANG_WARN_DIRECT_OBJC_ISA_USAGE = YES_ERROR;
				CLANG_WARN_DOCUMENTATION_COMMENTS = YES;
				CLANG_WARN_EMPTY_BODY = YES;
				CLANG_WARN_ENUM_CONVERSION = YES;
				CLANG_WARN_INFINITE_RECURSION = YES;
				CLANG_WARN_INT_CONVERSION = YES;
				CLANG_WARN_NON_LITERAL_NULL_CONVERSION = YES;
				CLANG_WARN_OBJC_IMPLICIT_RETAIN_SELF = YES;
				CLANG_WARN_OBJC_LITERAL_CONVERSION = YES;
				CLANG_WARN_OBJC_ROOT_CLASS = YES_ERROR;
				CLANG_WARN_QUOTED_INCLUDE_IN_FRAMEWORK_HEADER = YES;
				CLANG_WARN_RANGE_LOOP_ANALYSIS = YES;
				CLANG_WARN_STRICT_PROTOTYPES = YES;
				CLANG_WARN_SUSPICIOUS_MOVE = YES;
				CLANG_WARN_UNGUARDED_AVAILABILITY = YES_AGGRESSIVE;
				CLANG_WARN_UNREACHABLE_CODE = YES;
				CLANG_WARN__DUPLICATE_METHOD_MATCH = YES;
				COPY_PHASE_STRIP = NO;
				DEBUG_INFORMATION_FORMAT = "dwarf-with-dsym";
				ENABLE_NS_ASSERTIONS = NO;
				ENABLE_STRICT_OBJC_MSGSEND = YES;
				ENABLE_USER_SCRIPT_SANDBOXING = YES;
				GCC_C_LANGUAGE_STANDARD = gnu17;
				GCC_NO_COMMON_BLOCKS = YES;
				GCC_WARN_64_TO_32_BIT_CONVERSION = YES;
				GCC_WARN_ABOUT_RETURN_TYPE = YES_ERROR;
				GCC_WARN_UNDECLARED_SELECTOR = YES;
				GCC_WARN_UNINITIALIZED_AUTOS = YES_AGGRESSIVE;
				GCC_WARN_UNUSED_FUNCTION = YES;
				GCC_WARN_UNUSED_VARIABLE = YES;
				IPHONEOS_DEPLOYMENT_TARGET = 17.2;
				LOCALIZATION_PREFERS_STRING_CATALOGS = YES;
				MTL_ENABLE_DEBUG_INFO = NO;
				MTL_FAST_MATH = YES;
				SDKROOT = iphoneos;
				SWIFT_COMPILATION_MODE = wholemodule;
				VALIDATE_PRODUCT = YES;
			};
			name = Release;
		};
		AA70B0D22B9778CB00B0AD15 /* Debug */ = {
			isa = XCBuildConfiguration;
			buildSettings = {
				ASSETCATALOG_COMPILER_APPICON_NAME = AppIcon;
				ASSETCATALOG_COMPILER_GLOBAL_ACCENT_COLOR_NAME = AccentColor;
				CODE_SIGN_ENTITLEMENTS = Squash/Squash.entitlements;
				CODE_SIGN_STYLE = Automatic;
				CURRENT_PROJECT_VERSION = 1;
				DEVELOPMENT_ASSET_PATHS = "\"Squash/Preview Content\"";
				DEVELOPMENT_TEAM = KM65N99A9D;
				ENABLE_PREVIEWS = YES;
				GENERATE_INFOPLIST_FILE = YES;
				INFOPLIST_FILE = Squash/Info.plist;
				INFOPLIST_KEY_UIApplicationSceneManifest_Generation = YES;
				INFOPLIST_KEY_UIApplicationSupportsIndirectInputEvents = YES;
				INFOPLIST_KEY_UILaunchScreen_Generation = YES;
				INFOPLIST_KEY_UISupportedInterfaceOrientations_iPad = "UIInterfaceOrientationPortrait UIInterfaceOrientationPortraitUpsideDown UIInterfaceOrientationLandscapeLeft UIInterfaceOrientationLandscapeRight";
				INFOPLIST_KEY_UISupportedInterfaceOrientations_iPhone = "UIInterfaceOrientationPortrait UIInterfaceOrientationLandscapeLeft UIInterfaceOrientationLandscapeRight";
				LD_RUNPATH_SEARCH_PATHS = (
					"$(inherited)",
					"@executable_path/Frameworks",
				);
				MARKETING_VERSION = 1.0;
				PRODUCT_BUNDLE_IDENTIFIER = aaase.Squash;
				PRODUCT_NAME = "$(TARGET_NAME)";
				SUPPORTED_PLATFORMS = "iphoneos iphonesimulator";
				SUPPORTS_MACCATALYST = NO;
				SUPPORTS_MAC_DESIGNED_FOR_IPHONE_IPAD = NO;
				SUPPORTS_XR_DESIGNED_FOR_IPHONE_IPAD = NO;
				SWIFT_EMIT_LOC_STRINGS = YES;
				SWIFT_VERSION = 5.0;
				TARGETED_DEVICE_FAMILY = 1;
			};
			name = Debug;
		};
		AA70B0D32B9778CB00B0AD15 /* Release */ = {
			isa = XCBuildConfiguration;
			buildSettings = {
				ASSETCATALOG_COMPILER_APPICON_NAME = AppIcon;
				ASSETCATALOG_COMPILER_GLOBAL_ACCENT_COLOR_NAME = AccentColor;
				CODE_SIGN_ENTITLEMENTS = Squash/Squash.entitlements;
				CODE_SIGN_STYLE = Automatic;
				CURRENT_PROJECT_VERSION = 1;
				DEVELOPMENT_ASSET_PATHS = "\"Squash/Preview Content\"";
				DEVELOPMENT_TEAM = KM65N99A9D;
				ENABLE_PREVIEWS = YES;
				GENERATE_INFOPLIST_FILE = YES;
				INFOPLIST_FILE = Squash/Info.plist;
				INFOPLIST_KEY_UIApplicationSceneManifest_Generation = YES;
				INFOPLIST_KEY_UIApplicationSupportsIndirectInputEvents = YES;
				INFOPLIST_KEY_UILaunchScreen_Generation = YES;
				INFOPLIST_KEY_UISupportedInterfaceOrientations_iPad = "UIInterfaceOrientationPortrait UIInterfaceOrientationPortraitUpsideDown UIInterfaceOrientationLandscapeLeft UIInterfaceOrientationLandscapeRight";
				INFOPLIST_KEY_UISupportedInterfaceOrientations_iPhone = "UIInterfaceOrientationPortrait UIInterfaceOrientationLandscapeLeft UIInterfaceOrientationLandscapeRight";
				LD_RUNPATH_SEARCH_PATHS = (
					"$(inherited)",
					"@executable_path/Frameworks",
				);
				MARKETING_VERSION = 1.0;
				PRODUCT_BUNDLE_IDENTIFIER = aaase.Squash;
				PRODUCT_NAME = "$(TARGET_NAME)";
				SUPPORTED_PLATFORMS = "iphoneos iphonesimulator";
				SUPPORTS_MACCATALYST = NO;
				SUPPORTS_MAC_DESIGNED_FOR_IPHONE_IPAD = NO;
				SUPPORTS_XR_DESIGNED_FOR_IPHONE_IPAD = NO;
				SWIFT_EMIT_LOC_STRINGS = YES;
				SWIFT_VERSION = 5.0;
				TARGETED_DEVICE_FAMILY = 1;
			};
			name = Release;
		};
/* End XCBuildConfiguration section */

/* Begin XCConfigurationList section */
		AA70B0BA2B9778C900B0AD15 /* Build configuration list for PBXProject "Squash" */ = {
			isa = XCConfigurationList;
			buildConfigurations = (
				AA70B0CF2B9778CB00B0AD15 /* Debug */,
				AA70B0D02B9778CB00B0AD15 /* Release */,
			);
			defaultConfigurationIsVisible = 0;
			defaultConfigurationName = Release;
		};
		AA70B0D12B9778CB00B0AD15 /* Build configuration list for PBXNativeTarget "Squash" */ = {
			isa = XCConfigurationList;
			buildConfigurations = (
				AA70B0D22B9778CB00B0AD15 /* Debug */,
				AA70B0D32B9778CB00B0AD15 /* Release */,
			);
			defaultConfigurationIsVisible = 0;
			defaultConfigurationName = Release;
		};
/* End XCConfigurationList section */
	};
	rootObject = AA70B0B72B9778C900B0AD15 /* Project object */;
}
